
Microsoft Visual Studio Solution File, Format Version 12.00
# Visual Studio Version 17
VisualStudioVersion = 17.14.36203.30
MinimumVisualStudioVersion = 10.0.40219.1
Project("{8BC9CEB8-8B4A-11D0-8D11-00A0C91BC942}") = "KungFuChessCore", "KungFuChessCore\KungFuChessCore.vcxproj", "{9A233C1F-6476-4998-A4E3-4D27D5EDA164}"
EndProject
Project("{8BC9CEB8-8B4A-11D0-8D11-00A0C91BC942}") = "KungFuChessTest", "KungFuChessTest\KungFuChessTest.vcxproj", "{BEDB2DA3-6D62-4F43-92B5-58B50F764643}"
EndProject
Project("{2150E333-8FDC-42A3-9474-1A3956D46DE8}") = "Solution Items", "Solution Items", "{8EC462FD-D22E-90A8-E5CE-7E832BA40C5D}"
	ProjectSection(SolutionItems) = preProject
		.gitignore = .gitignore
		README.md = README.md
	EndProjectSection
EndProject
Project("{8BC9CEB8-8B4A-11D0-8D11-00A0C91BC942}") = "KungFuChessGUI", "KungFuChessGUI\KungFuChessGUI.vcxproj", "{CACBC78E-311E-41D0-A086-E66E3CDA139B}"
EndProject
Project("{8BC9CEB8-8B4A-11D0-8D11-00A0C91BC942}") = "KungFuChessServer", "KungFuChessServer\KungFuChessServer.vcxproj", "{9AA5D63B-0BC6-46CA-8987-C2B68AE25B21}"
EndProject
Project("{8BC9CEB8-8B4A-11D0-8D11-00A0C91BC942}") = "KungFuChessProtocol", "KungFuChessProtocol\KungFuChessProtocol.vcxproj", "{0AAE5065-5FAF-4507-9BAE-50387DB49D3B}"
EndProject
Project("{8BC9CEB8-8B4A-11D0-8D11-00A0C91BC942}") = "KungFuChessShellClient", "KungFuChessShellClient\KungFuChessShellClient.vcxproj", "{0E4FEC85-C344-421C-ABE1-412D7692131B}"
EndProject
Project("{8BC9CEB8-8B4A-11D0-8D11-00A0C91BC942}") = "KungFuChessAccounts", "KungFuChessAccounts\KungFuChessAccounts.vcxproj", "{511C75E5-23DF-4FBC-8B81-A604F235EA4A}"
EndProject
Global
	GlobalSection(SolutionConfigurationPlatforms) = preSolution
		Debug|x64 = Debug|x64
		Debug|x86 = Debug|x86
		Release|x64 = Release|x64
		Release|x86 = Release|x86
	EndGlobalSection
	GlobalSection(ProjectConfigurationPlatforms) = postSolution
		{9A233C1F-6476-4998-A4E3-4D27D5EDA164}.Debug|x64.ActiveCfg = Debug|x64
		{9A233C1F-6476-4998-A4E3-4D27D5EDA164}.Debug|x64.Build.0 = Debug|x64
		{9A233C1F-6476-4998-A4E3-4D27D5EDA164}.Debug|x86.ActiveCfg = Debug|Win32
		{9A233C1F-6476-4998-A4E3-4D27D5EDA164}.Debug|x86.Build.0 = Debug|Win32
		{9A233C1F-6476-4998-A4E3-4D27D5EDA164}.Release|x64.ActiveCfg = Release|x64
		{9A233C1F-6476-4998-A4E3-4D27D5EDA164}.Release|x64.Build.0 = Release|x64
		{9A233C1F-6476-4998-A4E3-4D27D5EDA164}.Release|x86.ActiveCfg = Release|Win32
		{9A233C1F-6476-4998-A4E3-4D27D5EDA164}.Release|x86.Build.0 = Release|Win32
		{BEDB2DA3-6D62-4F43-92B5-58B50F764643}.Debug|x64.ActiveCfg = Debug|x64
		{BEDB2DA3-6D62-4F43-92B5-58B50F764643}.Debug|x64.Build.0 = Debug|x64
		{BEDB2DA3-6D62-4F43-92B5-58B50F764643}.Debug|x86.ActiveCfg = Debug|Win32
		{BEDB2DA3-6D62-4F43-92B5-58B50F764643}.Debug|x86.Build.0 = Debug|Win32
		{BEDB2DA3-6D62-4F43-92B5-58B50F764643}.Release|x64.ActiveCfg = Release|x64
		{BEDB2DA3-6D62-4F43-92B5-58B50F764643}.Release|x64.Build.0 = Release|x64
		{BEDB2DA3-6D62-4F43-92B5-58B50F764643}.Release|x86.ActiveCfg = Release|Win32
		{BEDB2DA3-6D62-4F43-92B5-58B50F764643}.Release|x86.Build.0 = Release|Win32
		{CACBC78E-311E-41D0-A086-E66E3CDA139B}.Debug|x64.ActiveCfg = Debug|x64
		{CACBC78E-311E-41D0-A086-E66E3CDA139B}.Debug|x64.Build.0 = Debug|x64
		{CACBC78E-311E-41D0-A086-E66E3CDA139B}.Debug|x86.ActiveCfg = Debug|Win32
		{CACBC78E-311E-41D0-A086-E66E3CDA139B}.Debug|x86.Build.0 = Debug|Win32
		{CACBC78E-311E-41D0-A086-E66E3CDA139B}.Release|x64.ActiveCfg = Release|x64
		{CACBC78E-311E-41D0-A086-E66E3CDA139B}.Release|x64.Build.0 = Release|x64
		{CACBC78E-311E-41D0-A086-E66E3CDA139B}.Release|x86.ActiveCfg = Release|Win32
		{CACBC78E-311E-41D0-A086-E66E3CDA139B}.Release|x86.Build.0 = Release|Win32
		{9AA5D63B-0BC6-46CA-8987-C2B68AE25B21}.Debug|x64.ActiveCfg = Debug|x64
		{9AA5D63B-0BC6-46CA-8987-C2B68AE25B21}.Debug|x64.Build.0 = Debug|x64
		{9AA5D63B-0BC6-46CA-8987-C2B68AE25B21}.Debug|x86.ActiveCfg = Debug|Win32
		{9AA5D63B-0BC6-46CA-8987-C2B68AE25B21}.Debug|x86.Build.0 = Debug|Win32
		{9AA5D63B-0BC6-46CA-8987-C2B68AE25B21}.Release|x64.ActiveCfg = Release|x64
		{9AA5D63B-0BC6-46CA-8987-C2B68AE25B21}.Release|x64.Build.0 = Release|x64
		{9AA5D63B-0BC6-46CA-8987-C2B68AE25B21}.Release|x86.ActiveCfg = Release|Win32
		{9AA5D63B-0BC6-46CA-8987-C2B68AE25B21}.Release|x86.Build.0 = Release|Win32
		{0AAE5065-5FAF-4507-9BAE-50387DB49D3B}.Debug|x64.ActiveCfg = Debug|x64
		{0AAE5065-5FAF-4507-9BAE-50387DB49D3B}.Debug|x64.Build.0 = Debug|x64
		{0AAE5065-5FAF-4507-9BAE-50387DB49D3B}.Debug|x86.ActiveCfg = Debug|Win32
		{0AAE5065-5FAF-4507-9BAE-50387DB49D3B}.Debug|x86.Build.0 = Debug|Win32
		{0AAE5065-5FAF-4507-9BAE-50387DB49D3B}.Release|x64.ActiveCfg = Release|x64
		{0AAE5065-5FAF-4507-9BAE-50387DB49D3B}.Release|x64.Build.0 = Release|x64
		{0AAE5065-5FAF-4507-9BAE-50387DB49D3B}.Release|x86.ActiveCfg = Release|Win32
		{0AAE5065-5FAF-4507-9BAE-50387DB49D3B}.Release|x86.Build.0 = Release|Win32
		{0E4FEC85-C344-421C-ABE1-412D7692131B}.Debug|x64.ActiveCfg = Debug|x64
		{0E4FEC85-C344-421C-ABE1-412D7692131B}.Debug|x64.Build.0 = Debug|x64
		{0E4FEC85-C344-421C-ABE1-412D7692131B}.Debug|x86.ActiveCfg = Debug|Win32
		{0E4FEC85-C344-421C-ABE1-412D7692131B}.Debug|x86.Build.0 = Debug|Win32
		{0E4FEC85-C344-421C-ABE1-412D7692131B}.Release|x64.ActiveCfg = Release|x64
		{0E4FEC85-C344-421C-ABE1-412D7692131B}.Release|x64.Build.0 = Release|x64
		{0E4FEC85-C344-421C-ABE1-412D7692131B}.Release|x86.ActiveCfg = Release|Win32
		{0E4FEC85-C344-421C-ABE1-412D7692131B}.Release|x86.Build.0 = Release|Win32
		{511C75E5-23DF-4FBC-8B81-A604F235EA4A}.Debug|x64.ActiveCfg = Debug|x64
		{511C75E5-23DF-4FBC-8B81-A604F235EA4A}.Debug|x64.Build.0 = Debug|x64
		{511C75E5-23DF-4FBC-8B81-A604F235EA4A}.Debug|x86.ActiveCfg = Debug|Win32
		{511C75E5-23DF-4FBC-8B81-A604F235EA4A}.Debug|x86.Build.0 = Debug|Win32
		{511C75E5-23DF-4FBC-8B81-A604F235EA4A}.Release|x64.ActiveCfg = Release|x64
		{511C75E5-23DF-4FBC-8B81-A604F235EA4A}.Release|x64.Build.0 = Release|x64
		{511C75E5-23DF-4FBC-8B81-A604F235EA4A}.Release|x86.ActiveCfg = Release|Win32
		{511C75E5-23DF-4FBC-8B81-A604F235EA4A}.Release|x86.Build.0 = Release|Win32
	EndGlobalSection
	GlobalSection(SolutionProperties) = preSolution
		HideSolutionNode = FALSE
	EndGlobalSection
	GlobalSection(ExtensibilityGlobals) = postSolution
		SolutionGuid = {460D3AC2-8AB1-40E4-8873-8C563931D53E}
	EndGlobalSection
EndGlobal
