<?xml version="1.0" encoding="utf-8"?>
<Project ToolsVersion="4.0" xmlns="http://schemas.microsoft.com/developer/msbuild/2003">
  <ItemGroup>
    <Filter Include="Source Files">
      <UniqueIdentifier>{4FC737F1-C7A5-4376-A066-2A32D752A2FF}</UniqueIdentifier>
      <Extensions>cpp;c;cc;cxx;c++;cppm;ixx;def;odl;idl;hpj;bat;asm;asmx</Extensions>
    </Filter>
    <Filter Include="Header Files">
      <UniqueIdentifier>{93995380-89BD-4b04-88EB-625FBE52EBFB}</UniqueIdentifier>
      <Extensions>h;hh;hpp;hxx;h++;hm;inl;inc;ipp;xsd</Extensions>
    </Filter>
    <Filter Include="Resource Files">
      <UniqueIdentifier>{67DA6AB6-F800-4c08-8B7A-83BB121AAD01}</UniqueIdentifier>
      <Extensions>rc;ico;cur;bmp;dlg;rc2;rct;bin;rgs;gif;jpg;jpeg;jpe;resx;tiff;tif;png;wav;mfcribbon-ms</Extensions>
    </Filter>
    <Filter Include="Application">
      <UniqueIdentifier>{a1b2c3d4-0001-4a1a-9a1a-000000000001}</UniqueIdentifier>
    </Filter>
    <Filter Include="Network">
      <UniqueIdentifier>{a1b2c3d4-0002-4a1a-9a1a-000000000002}</UniqueIdentifier>
    </Filter>
    <Filter Include="Protocol">
      <UniqueIdentifier>{a1b2c3d4-0003-4a1a-9a1a-000000000003}</UniqueIdentifier>
    </Filter>
  </ItemGroup>
  <ItemGroup>
    <ClCompile Include="KungFuChessServer.cpp">
      <Filter>Source Files</Filter>
    </ClCompile>
    <ClCompile Include="Application\Server.cpp">
      <Filter>Application</Filter>
    </ClCompile>
    <ClCompile Include="Application\SessionManager.cpp">
      <Filter>Application</Filter>
    </ClCompile>
    <ClCompile Include="Application\GameSession.cpp">
      <Filter>Application</Filter>
    </ClCompile>
    <ClCompile Include="Application\GameFactory.cpp">
      <Filter>Application</Filter>
    </ClCompile>
    <ClCompile Include="Application\PlayerAssignment.cpp">
      <Filter>Application</Filter>
    </ClCompile>
    <ClCompile Include="Network\WebSocketServer.cpp">
      <Filter>Network</Filter>
    </ClCompile>
    <ClCompile Include="Network\SnapshotBroadcaster.cpp">
      <Filter>Network</Filter>
    </ClCompile>
    <ClCompile Include="Protocol\MoveNotation.cpp">
      <Filter>Protocol</Filter>
    </ClCompile>
    <ClCompile Include="Protocol\MiniJson.cpp">
      <Filter>Protocol</Filter>
    </ClCompile>
    <ClCompile Include="Protocol\MoveTranslator.cpp">
      <Filter>Protocol</Filter>
    </ClCompile>
  </ItemGroup>
  <ItemGroup>
    <ClInclude Include="Application\Server.h">
      <Filter>Application</Filter>
    </ClInclude>
    <ClInclude Include="Application\SessionManager.h">
      <Filter>Application</Filter>
    </ClInclude>
    <ClInclude Include="Application\GameSession.h">
      <Filter>Application</Filter>
    </ClInclude>
    <ClInclude Include="Application\GameFactory.h">
      <Filter>Application</Filter>
    </ClInclude>
    <ClInclude Include="Application\PlayerAssignment.h">
      <Filter>Application</Filter>
    </ClInclude>
    <ClInclude Include="Network\WebSocketServer.h">
      <Filter>Network</Filter>
    </ClInclude>
    <ClInclude Include="Network\CommandInbox.h">
      <Filter>Network</Filter>
    </ClInclude>
    <ClInclude Include="Network\SnapshotBroadcaster.h">
      <Filter>Network</Filter>
    </ClInclude>
    <ClInclude Include="Network\SessionId.h">
      <Filter>Network</Filter>
    </ClInclude>
    <ClInclude Include="Protocol\MoveNotation.h">
      <Filter>Protocol</Filter>
    </ClInclude>
    <ClInclude Include="Protocol\MiniJson.h">
      <Filter>Protocol</Filter>
    </ClInclude>
    <ClInclude Include="Protocol\MoveTranslator.h">
      <Filter>Protocol</Filter>
    </ClInclude>
  </ItemGroup>
</Project>