<?xml version="1.0" encoding="utf-8"?>
<Project ToolsVersion="4.0" xmlns="http://schemas.microsoft.com/developer/msbuild/2003">
  <ItemGroup>
    <Filter Include="Source Files">
      <UniqueIdentifier>{4FC737F1-C7A5-4376-A066-2A32D752A2FF}</UniqueIdentifier>
      <Extensions>cpp;c;cc;cxx;c++;cppm;ixx;def;odl;idl;hpj;bat;asm;asmx</Extensions>
    </Filter>
    <Filter Include="Header Files">
      <UniqueIdentifier>{93995380-89BD-4b04-88EB-625FBE52EBFB}</UniqueIdentifier>
      <Extensions>h;hh;hpp;hxx;h++;hm;inl;inc;ipp;xsd</Extensions>
    </Filter>
    <Filter Include="Resource Files">
      <UniqueIdentifier>{67DA6AB6-F800-4c08-8B7A-83BB121AAD01}</UniqueIdentifier>
      <Extensions>rc;ico;cur;bmp;dlg;rc2;rct;bin;rgs;gif;jpg;jpeg;jpe;resx;tiff;tif;png;wav;mfcribbon-ms</Extensions>
    </Filter>
    <Filter Include="External">
      <UniqueIdentifier>{5cbbe7b8-c495-42e1-a311-898c904f737f}</UniqueIdentifier>
    </Filter>
  </ItemGroup>
  <ItemGroup>
    <ClCompile Include="KungFuChessTest.cpp">
      <Filter>Source Files</Filter>
    </ClCompile>
    <ClCompile Include="BoardTest.cpp">
      <Filter>Source Files</Filter>
    </ClCompile>
    <ClCompile Include="KingTests.cpp">
      <Filter>Source Files</Filter>
    </ClCompile>
    <ClCompile Include="QueenTests.cpp">
      <Filter>Source Files</Filter>
    </ClCompile>
    <ClCompile Include="RookTests.cpp">
      <Filter>Source Files</Filter>
    </ClCompile>
    <ClCompile Include="BishopTests.cpp">
      <Filter>Source Files</Filter>
    </ClCompile>
    <ClCompile Include="KnightTests.cpp">
      <Filter>Source Files</Filter>
    </ClCompile>
    <ClCompile Include="GameTests.cpp">
      <Filter>Source Files</Filter>
    </ClCompile>
    <ClCompile Include="PieceTests.cpp">
      <Filter>Source Files</Filter>
    </ClCompile>
    <ClCompile Include="TextBoardConvertTest.cpp">
      <Filter>Source Files</Filter>
    </ClCompile>
    <ClCompile Include="CommandFactoryTest.cpp">
      <Filter>Source Files</Filter>
    </ClCompile>
    <ClCompile Include="RuleEngineTest.cpp">
      <Filter>Source Files</Filter>
    </ClCompile>
    <ClCompile Include="AppTest.cpp">
      <Filter>Source Files</Filter>
    </ClCompile>
  </ItemGroup>
  <ItemGroup>
    <ClInclude Include="BoardTest.h">
      <Filter>Header Files</Filter>
    </ClInclude>
    <ClInclude Include="doctest.h">
      <Filter>Header Files</Filter>
    </ClInclude>
    <ClInclude Include="KingTests.h">
      <Filter>Header Files</Filter>
    </ClInclude>
    <ClInclude Include="QueenTests.h">
      <Filter>Header Files</Filter>
    </ClInclude>
    <ClInclude Include="RookTests.h">
      <Filter>Header Files</Filter>
    </ClInclude>
    <ClInclude Include="BishopTests.h">
      <Filter>Header Files</Filter>
    </ClInclude>
    <ClInclude Include="resource.h">
      <Filter>Header Files</Filter>
    </ClInclude>
    <ClInclude Include="KnightTests.h">
      <Filter>Header Files</Filter>
    </ClInclude>
    <ClInclude Include="GameTests.h">
      <Filter>Header Files</Filter>
    </ClInclude>
    <ClInclude Include="PieceTests.h">
      <Filter>Header Files</Filter>
    </ClInclude>
    <ClInclude Include="TextBoardConvertTest.h">
      <Filter>Header Files</Filter>
    </ClInclude>
    <ClInclude Include="CommandFactoryTest.h">
      <Filter>Header Files</Filter>
    </ClInclude>
    <ClInclude Include="RuleEngineTest.h">
      <Filter>Header Files</Filter>
    </ClInclude>
    <ClInclude Include="AppTest.h">
      <Filter>Header Files</Filter>
    </ClInclude>
  </ItemGroup>
  <ItemGroup>
    <ResourceCompile Include="KungFuChessTest.rc">
      <Filter>Resource Files</Filter>
    </ResourceCompile>
  </ItemGroup>
</Project>